
Microsoft Visual Studio Solution File, Format Version 12.00
# Visual Studio Version 17
VisualStudioVersion = 17.3.32922.545
MinimumVisualStudioVersion = 10.0.40219.1
Project("{FAE04EC0-301F-11D3-BF4B-00C04F79EFBC}") = "Exercise2", "Exercise2\Exercise2.csproj", "{E2D2CB18-D5F1-4338-843A-E8A306C7E671}"
EndProject
Global
	GlobalSection(SolutionConfigurationPlatforms) = preSolution
		Debug|Any CPU = Debug|Any CPU
		Release|Any CPU = Release|Any CPU
	EndGlobalSection
	GlobalSection(ProjectConfigurationPlatforms) = postSolution
		{E2D2CB18-D5F1-4338-843A-E8A306C7E671}.Debug|Any CPU.ActiveCfg = Debug|Any CPU
		{E2D2CB18-D5F1-4338-843A-E8A306C7E671}.Debug|Any CPU.Build.0 = Debug|Any CPU
		{E2D2CB18-D5F1-4338-843A-E8A306C7E671}.Release|Any CPU.ActiveCfg = Release|Any CPU
		{E2D2CB18-D5F1-4338-843A-E8A306C7E671}.Release|Any CPU.Build.0 = Release|Any CPU
	EndGlobalSection
	GlobalSection(SolutionProperties) = preSolution
		HideSolutionNode = FALSE
	EndGlobalSection
	GlobalSection(ExtensibilityGlobals) = postSolution
		SolutionGuid = {589A9106-1A1B-40A2-AC39-FC711A0539F6}
	EndGlobalSection
EndGlobal
